
Microsoft Visual Studio Solution File, Format Version 12.00
# Visual Studio 14
VisualStudioVersion = 14.0.24720.0
MinimumVisualStudioVersion = 10.0.40219.1
Project("{FAE04EC0-301F-11D3-BF4B-00C04F79EFBC}") = "ConnectionDb", "ConnectionDb\ConnectionDb.csproj", "{E9A1BF5F-FB55-450B-BA09-897FAD4ED7E7}"
EndProject
Project("{FAE04EC0-301F-11D3-BF4B-00C04F79EFBC}") = "WCFUser", "WCFUser\WCFUser.csproj", "{189BFD21-F603-48DF-8330-726B61A9B502}"
	ProjectSection(ProjectDependencies) = postProject
		{E9A1BF5F-FB55-450B-BA09-897FAD4ED7E7} = {E9A1BF5F-FB55-450B-BA09-897FAD4ED7E7}
	EndProjectSection
EndProject
Project("{FAE04EC0-301F-11D3-BF4B-00C04F79EFBC}") = "WpfApplication", "WpfApplication\WpfApplication.csproj", "{12208DFA-B4DC-4204-AFE3-CB679911817B}"
	ProjectSection(ProjectDependencies) = postProject
		{189BFD21-F603-48DF-8330-726B61A9B502} = {189BFD21-F603-48DF-8330-726B61A9B502}
	EndProjectSection
EndProject
Global
	GlobalSection(SolutionConfigurationPlatforms) = preSolution
		Debug|Any CPU = Debug|Any CPU
		Release|Any CPU = Release|Any CPU
	EndGlobalSection
	GlobalSection(ProjectConfigurationPlatforms) = postSolution
		{E9A1BF5F-FB55-450B-BA09-897FAD4ED7E7}.Debug|Any CPU.ActiveCfg = Debug|Any CPU
		{E9A1BF5F-FB55-450B-BA09-897FAD4ED7E7}.Debug|Any CPU.Build.0 = Debug|Any CPU
		{E9A1BF5F-FB55-450B-BA09-897FAD4ED7E7}.Release|Any CPU.ActiveCfg = Release|Any CPU
		{E9A1BF5F-FB55-450B-BA09-897FAD4ED7E7}.Release|Any CPU.Build.0 = Release|Any CPU
		{189BFD21-F603-48DF-8330-726B61A9B502}.Debug|Any CPU.ActiveCfg = Debug|Any CPU
		{189BFD21-F603-48DF-8330-726B61A9B502}.Debug|Any CPU.Build.0 = Debug|Any CPU
		{189BFD21-F603-48DF-8330-726B61A9B502}.Release|Any CPU.ActiveCfg = Release|Any CPU
		{189BFD21-F603-48DF-8330-726B61A9B502}.Release|Any CPU.Build.0 = Release|Any CPU
		{12208DFA-B4DC-4204-AFE3-CB679911817B}.Debug|Any CPU.ActiveCfg = Debug|Any CPU
		{12208DFA-B4DC-4204-AFE3-CB679911817B}.Debug|Any CPU.Build.0 = Debug|Any CPU
		{12208DFA-B4DC-4204-AFE3-CB679911817B}.Release|Any CPU.ActiveCfg = Release|Any CPU
		{12208DFA-B4DC-4204-AFE3-CB679911817B}.Release|Any CPU.Build.0 = Release|Any CPU
	EndGlobalSection
	GlobalSection(SolutionProperties) = preSolution
		HideSolutionNode = FALSE
	EndGlobalSection
EndGlobal
